
Microsoft Visual Studio Solution File, Format Version 12.00
# Visual Studio Version 16
VisualStudioVersion = 16.0.29613.14
MinimumVisualStudioVersion = 10.0.40219.1
Project("{FAE04EC0-301F-11D3-BF4B-00C04F79EFBC}") = "WebAPP_Master_TRY2", "WebAPP_Master_TRY2.csproj", "{DE587991-6D40-4BD2-B25A-448D4803CAF9}"
EndProject
Global
	GlobalSection(SolutionConfigurationPlatforms) = preSolution
		Debug|Any CPU = Debug|Any CPU
		Release|Any CPU = Release|Any CPU
	EndGlobalSection
	GlobalSection(ProjectConfigurationPlatforms) = postSolution
		{DE587991-6D40-4BD2-B25A-448D4803CAF9}.Debug|Any CPU.ActiveCfg = Debug|Any CPU
		{DE587991-6D40-4BD2-B25A-448D4803CAF9}.Debug|Any CPU.Build.0 = Debug|Any CPU
		{DE587991-6D40-4BD2-B25A-448D4803CAF9}.Release|Any CPU.ActiveCfg = Release|Any CPU
		{DE587991-6D40-4BD2-B25A-448D4803CAF9}.Release|Any CPU.Build.0 = Release|Any CPU
	EndGlobalSection
	GlobalSection(SolutionProperties) = preSolution
		HideSolutionNode = FALSE
	EndGlobalSection
	GlobalSection(ExtensibilityGlobals) = postSolution
		SolutionGuid = {402BA45A-4612-4789-BB44-64724F14F188}
	EndGlobalSection
EndGlobal
